<Project xmlns="http://schemas.microsoft.com/developer/msbuild/2003">
    <PropertyGroup>
        <ProjectGuid>{363BC1C3-D563-4B4D-B4D6-1B6661B1CEB5}</ProjectGuid>
        <MainSource>ServiceControl.dpr</MainSource>
        <Config Condition="'$(Config)'==''">Debug</Config>
        <DCC_DCCCompiler>DCC32</DCC_DCCCompiler>
        <ProjectVersion>20.3</ProjectVersion>
        <Base>True</Base>
        <TargetedPlatforms>1</TargetedPlatforms>
        <AppType>Application</AppType>
        <FrameworkType>VCL</FrameworkType>
        <Platform Condition="'$(Platform)'==''">Win32</Platform>
        <ProjectName Condition="'$(ProjectName)'==''">ServiceControl</ProjectName>
    </PropertyGroup>
    <PropertyGroup Condition="'$(Config)'=='Base' or '$(Base)'!=''">
        <Base>true</Base>
    </PropertyGroup>
    <PropertyGroup Condition="('$(Platform)'=='Win32' and '$(Base)'=='true') or '$(Base_Win32)'!=''">
        <Base_Win32>true</Base_Win32>
        <CfgParent>Base</CfgParent>
        <Base>true</Base>
    </PropertyGroup>
    <PropertyGroup Condition="('$(Platform)'=='Win64' and '$(Base)'=='true') or '$(Base_Win64)'!=''">
        <Base_Win64>true</Base_Win64>
        <CfgParent>Base</CfgParent>
        <Base>true</Base>
    </PropertyGroup>
    <PropertyGroup Condition="'$(Config)'=='Release' or '$(Cfg_1)'!=''">
        <Cfg_1>true</Cfg_1>
        <CfgParent>Base</CfgParent>
        <Base>true</Base>
    </PropertyGroup>
    <PropertyGroup Condition="('$(Platform)'=='Win32' and '$(Cfg_1)'=='true') or '$(Cfg_1_Win32)'!=''">
        <Cfg_1_Win32>true</Cfg_1_Win32>
        <CfgParent>Cfg_1</CfgParent>
        <Cfg_1>true</Cfg_1>
        <Base>true</Base>
    </PropertyGroup>
    <PropertyGroup Condition="'$(Config)'=='Debug' or '$(Cfg_2)'!=''">
        <Cfg_2>true</Cfg_2>
        <CfgParent>Base</CfgParent>
        <Base>true</Base>
    </PropertyGroup>
    <PropertyGroup Condition="('$(Platform)'=='Win32' and '$(Cfg_2)'=='true') or '$(Cfg_2_Win32)'!=''">
        <Cfg_2_Win32>true</Cfg_2_Win32>
        <CfgParent>Cfg_2</CfgParent>
        <Cfg_2>true</Cfg_2>
        <Base>true</Base>
    </PropertyGroup>
    <PropertyGroup Condition="'$(Base)'!=''">
        <VerInfo_Locale>1034</VerInfo_Locale>
        <SanitizedProjectName>ServiceControl</SanitizedProjectName>
        <VerInfo_Keys>CompanyName=;FileDescription=;FileVersion=1.0.0.0;InternalName=;LegalCopyright=;LegalTrademarks=;OriginalFilename=;ProductName=;ProductVersion=1.0.0.0;Comments=</VerInfo_Keys>
        <DCC_Namespace>Vcl;Vcl.Imaging;Vcl.Touch;Vcl.Samples;Vcl.Shell;System;Xml;Data;Datasnap;Web;Soap;Winapi;$(DCC_Namespace)</DCC_Namespace>
        <DCC_ImageBase>00400000</DCC_ImageBase>
        <DCC_SymbolReferenceInfo>1</DCC_SymbolReferenceInfo>
        <DCC_DependencyCheckOutputName>ServiceControl.exe</DCC_DependencyCheckOutputName>
        <DCC_Platform>x86</DCC_Platform>
        <DCC_N>true</DCC_N>
        <DCC_S>false</DCC_S>
        <DCC_K>false</DCC_K>
        <DCC_E>false</DCC_E>
        <DCC_F>false</DCC_F>
        <DCC_UnitSearchPath>.\..\..\sources;.\..\..\dcus;.\..\..sources;$(DCC_UnitSearchPath)</DCC_UnitSearchPath>
    </PropertyGroup>
    <PropertyGroup Condition="'$(Base_Win32)'!=''">
        <Manifest_File>$(BDS)\bin\default_app.manifest</Manifest_File>
        <VerInfo_IncludeVerInfo>true</VerInfo_IncludeVerInfo>
        <DCC_Namespace>System.Win;Data.Win;Datasnap.Win;Web.Win;Soap.Win;Xml.Win;Bde;$(DCC_Namespace)</DCC_Namespace>
        <VerInfo_Locale>1033</VerInfo_Locale>
        <AppEnableRuntimeThemes>true</AppEnableRuntimeThemes>
        <UWP_DelphiLogo44>$(BDS)\bin\Artwork\Windows\UWP\delphi_UwpDefault_44.png</UWP_DelphiLogo44>
        <UWP_DelphiLogo150>$(BDS)\bin\Artwork\Windows\UWP\delphi_UwpDefault_150.png</UWP_DelphiLogo150>
    </PropertyGroup>
    <PropertyGroup Condition="'$(Base_Win64)'!=''">
        <UWP_DelphiLogo44>$(BDS)\bin\Artwork\Windows\UWP\delphi_UwpDefault_44.png</UWP_DelphiLogo44>
        <UWP_DelphiLogo150>$(BDS)\bin\Artwork\Windows\UWP\delphi_UwpDefault_150.png</UWP_DelphiLogo150>
    </PropertyGroup>
    <PropertyGroup Condition="'$(Cfg_1)'!=''">
        <DCC_LocalDebugSymbols>false</DCC_LocalDebugSymbols>
        <DCC_Define>RELEASE;$(DCC_Define)</DCC_Define>
        <DCC_SymbolReferenceInfo>0</DCC_SymbolReferenceInfo>
        <DCC_DebugInformation>0</DCC_DebugInformation>
    </PropertyGroup>
    <PropertyGroup Condition="'$(Cfg_1_Win32)'!=''">
        <VerInfo_IncludeVerInfo>true</VerInfo_IncludeVerInfo>
        <VerInfo_Locale>1033</VerInfo_Locale>
        <AppEnableRuntimeThemes>true</AppEnableRuntimeThemes>
    </PropertyGroup>
    <PropertyGroup Condition="'$(Cfg_2)'!=''">
        <DCC_Define>DEBUG;$(DCC_Define)</DCC_Define>
    </PropertyGroup>
    <PropertyGroup Condition="'$(Cfg_2_Win32)'!=''">
        <VerInfo_IncludeVerInfo>true</VerInfo_IncludeVerInfo>
        <VerInfo_Locale>1033</VerInfo_Locale>
        <BT_BuildType>Debug</BT_BuildType>
        <AppEnableRuntimeThemes>true</AppEnableRuntimeThemes>
    </PropertyGroup>
    <ItemGroup>
        <DelphiCompile Include="$(MainSource)">
            <MainSource>MainSource</MainSource>
        </DelphiCompile>
        <DCCReference Include="FMain.pas">
            <Form>FormMain</Form>
        </DCCReference>
        <DCCReference Include="..\..\sources\FormAbout.pas">
            <Form>FAbout</Form>
        </DCCReference>
        <BuildConfiguration Include="Base">
            <Key>Base</Key>
        </BuildConfiguration>
        <BuildConfiguration Include="Release">
            <Key>Cfg_1</Key>
            <CfgParent>Base</CfgParent>
        </BuildConfiguration>
        <BuildConfiguration Include="Debug">
            <Key>Cfg_2</Key>
            <CfgParent>Base</CfgParent>
        </BuildConfiguration>
    </ItemGroup>
    <Import Project="$(BDS)\Bin\CodeGear.Delphi.Targets" Condition="Exists('$(BDS)\Bin\CodeGear.Delphi.Targets')"/>
    <ProjectExtensions>
        <Borland.Personality>Delphi.Personality.12</Borland.Personality>
        <Borland.ProjectType>VCLApplication</Borland.ProjectType>
        <BorlandProject>
            <Delphi.Personality>
                <Source>
                    <Source Name="MainSource">ServiceControl.dpr</Source>
                </Source>
                <Parameters>
                    <Parameters Name="UseLauncher">False</Parameters>
                    <Parameters Name="LoadAllSymbols">True</Parameters>
                    <Parameters Name="LoadUnspecifiedSymbols">False</Parameters>
                </Parameters>
                <VersionInfo>
                    <VersionInfo Name="IncludeVerInfo">False</VersionInfo>
                    <VersionInfo Name="AutoIncBuild">False</VersionInfo>
                    <VersionInfo Name="MajorVer">1</VersionInfo>
                    <VersionInfo Name="MinorVer">0</VersionInfo>
                    <VersionInfo Name="Release">0</VersionInfo>
                    <VersionInfo Name="Build">0</VersionInfo>
                    <VersionInfo Name="Debug">False</VersionInfo>
                    <VersionInfo Name="PreRelease">False</VersionInfo>
                    <VersionInfo Name="Special">False</VersionInfo>
                    <VersionInfo Name="Private">False</VersionInfo>
                    <VersionInfo Name="DLL">False</VersionInfo>
                    <VersionInfo Name="Locale">1034</VersionInfo>
                    <VersionInfo Name="CodePage">1252</VersionInfo>
                </VersionInfo>
                <VersionInfoKeys>
                    <VersionInfoKeys Name="CompanyName"/>
                    <VersionInfoKeys Name="FileDescription"/>
                    <VersionInfoKeys Name="FileVersion">1.0.0.0</VersionInfoKeys>
                    <VersionInfoKeys Name="InternalName"/>
                    <VersionInfoKeys Name="LegalCopyright"/>
                    <VersionInfoKeys Name="LegalTrademarks"/>
                    <VersionInfoKeys Name="OriginalFilename"/>
                    <VersionInfoKeys Name="ProductName"/>
                    <VersionInfoKeys Name="ProductVersion">1.0.0.0</VersionInfoKeys>
                    <VersionInfoKeys Name="Comments"/>
                </VersionInfoKeys>
                <Excluded_Packages>
                    <Excluded_Packages Name="C:\LOCAL\Componentes\DevExpress\20.1.3\Library\RS26\dcldxCoreRS26.bpl">ExpressCore Library by Developer Express Inc.</Excluded_Packages>
                    <Excluded_Packages Name="C:\LOCAL\Componentes\DevExpress\20.1.3\Library\RS26\dclcxLibraryRS26.bpl">Express Cross Platform Library by Developer Express Inc.</Excluded_Packages>
                    <Excluded_Packages Name="C:\LOCAL\Componentes\DevExpress\20.1.3\Library\RS26\dclcxEditorFieldLinkRS26.bpl">ExpressEditors FieldLink by Developer Express Inc.</Excluded_Packages>
                    <Excluded_Packages Name="C:\LOCAL\Componentes\DevExpress\20.1.3\Library\RS26\dcldxServerModeRS26.bpl">ExpressDataController Server Mode by Developer Express Inc.</Excluded_Packages>
                    <Excluded_Packages Name="C:\LOCAL\Componentes\DevExpress\20.1.3\Library\RS26\dcldxCloudServiceLibraryRS26.bpl">ExpressCloudService Library by Developer Express Inc.</Excluded_Packages>
                    <Excluded_Packages Name="C:\LOCAL\Componentes\DevExpress\20.1.3\Library\RS26\dcldxDBXServerModeRS26.bpl">dbExpress Data Source for ExpressDataController Server Mode by Developer Express Inc.</Excluded_Packages>
                    <Excluded_Packages Name="C:\LOCAL\Componentes\DevExpress\20.1.3\Library\RS26\dcldxFireDACServerModeRS26.bpl">FireDAC Data Source for ExpressDataController Server Mode by Developer Express Inc.</Excluded_Packages>
                    <Excluded_Packages Name="C:\LOCAL\Componentes\DevExpress\20.1.3\Library\RS26\dcldxHttpIndyRequestRS26.bpl">Express Cross Platform Library Indy Request Handler by Developer Express Inc.</Excluded_Packages>
                    <Excluded_Packages Name="C:\LOCAL\Componentes\DevExpress\20.1.3\Library\RS26\dcldxIconLibraryRS26.bpl">Express Cross Platform Library Icon Library by Developer Express Inc.</Excluded_Packages>
                    <Excluded_Packages Name="C:\LOCAL\Componentes\DevExpress\20.1.3\Library\RS26\dcldxADOServerModeRS26.bpl">ADO Data Source for ExpressDataController Server Mode by Developer Express Inc.</Excluded_Packages>
                    <Excluded_Packages Name="C:\LOCAL\Componentes\DevExpress\20.1.3\Library\RS26\dcldxDockingRS26.bpl">ExpressDocking Library by Developer Express Inc.</Excluded_Packages>
                    <Excluded_Packages Name="C:\LOCAL\Componentes\DevExpress\20.1.3\Library\RS26\dcldxBarRS26.bpl">ExpressBars by Developer Express Inc.</Excluded_Packages>
                    <Excluded_Packages Name="C:\LOCAL\Componentes\DevExpress\20.1.3\Library\RS26\dcldxBarExtDBItemsRS26.bpl">ExpressBars extended DB items by Developer Express Inc.</Excluded_Packages>
                    <Excluded_Packages Name="C:\LOCAL\Componentes\DevExpress\20.1.3\Library\RS26\dcldxBarExtItemsRS26.bpl">ExpressBars extended items by Developer Express Inc.</Excluded_Packages>
                    <Excluded_Packages Name="C:\LOCAL\Componentes\DevExpress\20.1.3\Library\RS26\dcldxBarDBNavRS26.bpl">ExpressBars DBNavigator by Developer Express Inc.</Excluded_Packages>
                    <Excluded_Packages Name="C:\LOCAL\Componentes\DevExpress\20.1.3\Library\RS26\dcldxRibbonRS26.bpl">ExpressBars Ribbon controls by Developer Express Inc.</Excluded_Packages>
                    <Excluded_Packages Name="C:\LOCAL\Componentes\DevExpress\20.1.3\Library\RS26\dcldxTabbedMDIRS26.bpl">ExpressBars Tabbed MDI by Developer Express Inc.</Excluded_Packages>
                    <Excluded_Packages Name="C:\LOCAL\Componentes\DevExpress\20.1.3\Library\RS26\dcldxTileControlRS26.bpl">ExpressTileControl by Developer Express Inc.</Excluded_Packages>
                    <Excluded_Packages Name="C:\LOCAL\Componentes\DevExpress\20.1.3\Library\RS26\dcldxWizardControlRS26.bpl">ExpressWizardControl by Developer Express Inc.</Excluded_Packages>
                    <Excluded_Packages Name="C:\LOCAL\Componentes\DevExpress\20.1.3\Library\RS26\dcldxSpreadSheetRS26.bpl">ExpressSpreadSheet by Developer Express Inc.</Excluded_Packages>
                    <Excluded_Packages Name="C:\LOCAL\Componentes\DevExpress\20.1.3\Library\RS26\dcldxSpreadSheetReportDesignerRS26.bpl">ExpressSpreadSheet Report Designer by Developer Express Inc.</Excluded_Packages>
                    <Excluded_Packages Name="C:\LOCAL\Componentes\DevExpress\20.1.3\Library\RS26\dclcxTreeListRS26.bpl">ExpressQuantumTreeList by Developer Express Inc.</Excluded_Packages>
                    <Excluded_Packages Name="C:\LOCAL\Componentes\DevExpress\20.1.3\Library\RS26\dclcxVerticalGridRS26.bpl">ExpressVerticalGrid by Developer Express Inc.</Excluded_Packages>
                    <Excluded_Packages Name="C:\LOCAL\Componentes\DevExpress\20.1.3\Library\RS26\dcldxmdsRS26.bpl">ExpressMemData by Developer Express Inc.</Excluded_Packages>
                    <Excluded_Packages Name="C:\LOCAL\Componentes\DevExpress\20.1.3\Library\RS26\dcldxSpellCheckerRS26.bpl">ExpressSpellChecker by Developer Express Inc.</Excluded_Packages>
                    <Excluded_Packages Name="C:\LOCAL\Componentes\DevExpress\20.1.3\Library\RS26\dcldxNavBarRS26.bpl">ExpressNavBar by Developer Express Inc.</Excluded_Packages>
                    <Excluded_Packages Name="C:\LOCAL\Componentes\DevExpress\20.1.3\Library\RS26\dcldxSkinsCoreRS26.bpl">ExpressSkins Library by Developer Express Inc.</Excluded_Packages>
                    <Excluded_Packages Name="C:\LOCAL\Componentes\DevExpress\20.1.3\Library\RS26\dcldxSkinsDesignHelperRS26.bpl">ExpressSkins Library Uses Clause Auto Fill Helper by Developer Express Inc.</Excluded_Packages>
                    <Excluded_Packages Name="C:\LOCAL\Componentes\DevExpress\20.1.3\Library\RS26\dcldxPSCoreRS26.bpl">ExpressPrinting System by Developer Express Inc.</Excluded_Packages>
                    <Excluded_Packages Name="C:\LOCAL\Componentes\DevExpress\20.1.3\Library\RS26\dcldxPScxCommonRS26.bpl">ExpressPrinting System Cross Platform Library by Developer Express Inc.</Excluded_Packages>
                    <Excluded_Packages Name="C:\LOCAL\Componentes\DevExpress\20.1.3\Library\RS26\dcldxPScxExtCommonRS26.bpl">ExpressPrinting System Extended Cross Platform Library by Developer Express Inc.</Excluded_Packages>
                    <Excluded_Packages Name="C:\LOCAL\Componentes\DevExpress\20.1.3\Library\RS26\dcldxPSTeeChartRS26.bpl">ExpressPrinting System ReportLink for TeeChart by Developer Express Inc.</Excluded_Packages>
                    <Excluded_Packages Name="C:\LOCAL\Componentes\DevExpress\20.1.3\Library\RS26\dcldxPSdxLCLnkRS26.bpl">ExpressPrinting System ReportLink for ExpressLayoutControl by Developer Express Inc.</Excluded_Packages>
                    <Excluded_Packages Name="C:\LOCAL\Componentes\DevExpress\20.1.3\Library\RS26\dcldxPSLnksRS26.bpl">ExpressPrinting System ReportLinks (Standard) by Developer Express Inc.</Excluded_Packages>
                    <Excluded_Packages Name="C:\LOCAL\Componentes\DevExpress\20.1.3\Library\RS26\dcldxPSDBTeeChartRS26.bpl">ExpressPrinting System ReportLink for DBTeeChart by Developer Express Inc.</Excluded_Packages>
                    <Excluded_Packages Name="C:\LOCAL\Componentes\DevExpress\20.1.3\Library\RS26\dxPScxPCProdRS26.bpl">ExpressPrinting System ContainerProducer for ExpressPageControl by Developer Express Inc.</Excluded_Packages>
                    <Excluded_Packages Name="C:\LOCAL\Componentes\DevExpress\20.1.3\Library\RS26\dclcxPivotGridRS26.bpl">ExpressPivotGrid by Developer Express Inc.</Excluded_Packages>
                    <Excluded_Packages Name="C:\LOCAL\Componentes\DevExpress\20.1.3\Library\RS26\dclcxPivotGridOLAPRS26.bpl">ExpressPivotGrid OLAP by Developer Express Inc.</Excluded_Packages>
                    <Excluded_Packages Name="C:\LOCAL\Componentes\DevExpress\20.1.3\Library\RS26\dcldxdbtrRS26.bpl">ExpressDBTree by Developer Express Inc.</Excluded_Packages>
                    <Excluded_Packages Name="C:\LOCAL\Componentes\DevExpress\20.1.3\Library\RS26\dcldxtrmdRS26.bpl">ExpressTreePrintedDataSet by Developer Express Inc.</Excluded_Packages>
                    <Excluded_Packages Name="C:\LOCAL\Componentes\DevExpress\20.1.3\Library\RS26\dcldxOrgCRS26.bpl">ExpressOrgChart by Developer Express Inc.</Excluded_Packages>
                    <Excluded_Packages Name="C:\LOCAL\Componentes\DevExpress\20.1.3\Library\RS26\dcldxOrgChartAdvancedCustomizeFormRS26.bpl">ExpressOrgChart Advanced Customization Form by Developer Express Inc.</Excluded_Packages>
                    <Excluded_Packages Name="C:\LOCAL\Componentes\DevExpress\20.1.3\Library\RS26\dcldxDBOrRS26.bpl">ExpressDBOrgChart by Developer Express Inc.</Excluded_Packages>
                    <Excluded_Packages Name="C:\LOCAL\Componentes\DevExpress\20.1.3\Library\RS26\dcldxFlowChartRS26.bpl">ExpressFlowChart by Developer Express Inc.</Excluded_Packages>
                    <Excluded_Packages Name="C:\LOCAL\Componentes\DevExpress\20.1.3\Library\RS26\dcldxMapControlRS26.bpl">ExpressMapControl by Developer Express Inc.</Excluded_Packages>
                    <Excluded_Packages Name="C:\LOCAL\Componentes\DevExpress\20.1.3\Library\RS26\dclcxGridRS26.bpl">ExpressQuantumGrid by Developer Express Inc.</Excluded_Packages>
                    <Excluded_Packages Name="C:\LOCAL\Componentes\DevExpress\20.1.3\Library\RS26\dclcxSchedulerRS26.bpl">ExpressScheduler by Developer Express Inc.</Excluded_Packages>
                    <Excluded_Packages Name="C:\LOCAL\Componentes\DevExpress\20.1.3\Library\RS26\dclcxSchedulerWebServiceStorageRS26.bpl">ExpressScheduler Web Service Storage by Developer Express Inc.</Excluded_Packages>
                    <Excluded_Packages Name="C:\LOCAL\Componentes\DevExpress\20.1.3\Library\RS26\dcldxRichEditControlRS26.bpl">ExpressRichEdit Control by Developer Express Inc.</Excluded_Packages>
                    <Excluded_Packages Name="C:\LOCAL\Componentes\DevExpress\20.1.3\Library\RS26\dxRichEditDocumentModelRS26.bpl">ExpressRichEdit Control Document Model by Developer Express Inc.</Excluded_Packages>
                    <Excluded_Packages Name="C:\LOCAL\Componentes\DevExpress\20.1.3\Library\RS26\dxRichEditCoreRS26.bpl">ExpressRichEdit Control Core Library by Developer Express Inc.</Excluded_Packages>
                    <Excluded_Packages Name="C:\LOCAL\Componentes\DevExpress\20.1.3\Library\RS26\dcldxGaugeControlRS26.bpl">ExpressGaugeControl by Developer Express Inc.</Excluded_Packages>
                    <Excluded_Packages Name="C:\LOCAL\Componentes\DevExpress\20.1.3\Library\RS26\dcldxPDFViewerRS26.bpl">ExpressPDFViewer by Developer Express Inc.</Excluded_Packages>
                    <Excluded_Packages Name="C:\LOCAL\Componentes\DevExpress\20.1.3\Library\RS26\dcldxEMFRS26.bpl">ExpressEntityMapping Framework by Developer Express Inc.</Excluded_Packages>
                    <Excluded_Packages Name="C:\LOCAL\Componentes\DevExpress\20.1.3\Library\RS26\dcldxADOEMFRS26.bpl">ExpressEntityMapping Framework ADO Data Provider by Developer Express Inc.</Excluded_Packages>
                    <Excluded_Packages Name="C:\LOCAL\Componentes\DevExpress\20.1.3\Library\RS26\dcldxFireDACEMFRS26.bpl">ExpressEntityMapping Framework FireDAC Data Provider by Developer Express Inc.</Excluded_Packages>
                    <Excluded_Packages Name="C:\LOCAL\Componentes\DevExpress\20.1.3\Library\RS26\dclcxPageControldxBarPopupMenuRS26.bpl">ExpressPageControl dxBar Popup Menu by Developer Express Inc.</Excluded_Packages>
                    <Excluded_Packages Name="C:\LOCAL\Componentes\DevExpress\20.1.3\Library\RS26\dcldxRibbonCustomizationFormRS26.bpl">ExpressBars Ribbon Customization Form by Developer Express Inc.</Excluded_Packages>
                    <Excluded_Packages Name="C:\LOCAL\Componentes\DevExpress\20.1.3\Library\RS26\dcldxSpreadSheetCoreConditionalFormattingDialogsRS26.bpl">ExpressSpreadSheetCore Conditional Formatting Dialogs by Developer Express Inc.</Excluded_Packages>
                    <Excluded_Packages Name="C:\LOCAL\Componentes\DevExpress\20.1.3\Library\RS26\dcldxSpreadSheetConditionalFormattingDialogsRS26.bpl">ExpressSpreadSheet Conditional Formatting Dialogs by Developer Express Inc.</Excluded_Packages>
                    <Excluded_Packages Name="C:\LOCAL\Componentes\DevExpress\20.1.3\Library\RS26\dclcxTreeListdxBarPopupMenuRS26.bpl">ExpressQuantumTreeList dxBar Built-In Menu by Developer Express Inc.</Excluded_Packages>
                    <Excluded_Packages Name="C:\LOCAL\Componentes\DevExpress\20.1.3\Library\RS26\dcldxSkinsFluentDesignFormWizardRS26.bpl">ExpressSkins Fluent Design Form Wizard by Developer Express Inc.</Excluded_Packages>
                    <Excluded_Packages Name="C:\LOCAL\Componentes\DevExpress\20.1.3\Library\RS26\dcldxPScxPivotGridLnkRS26.bpl">ExpressPrinting System ReportLink for ExpressPivotGrid by Developer Express Inc.</Excluded_Packages>
                    <Excluded_Packages Name="C:\LOCAL\Componentes\DevExpress\20.1.3\Library\RS26\dcldxPScxSchedulerLnkRS26.bpl">ExpressPrinting System ReportLink for ExpressScheduler by Developer Express Inc.</Excluded_Packages>
                    <Excluded_Packages Name="C:\LOCAL\Componentes\DevExpress\20.1.3\Library\RS26\dcldxPScxTLLnkRS26.bpl">ExpressPrinting System ReportLink for ExpressQuantumTreeList by Developer Express Inc.</Excluded_Packages>
                    <Excluded_Packages Name="C:\LOCAL\Componentes\DevExpress\20.1.3\Library\RS26\dcldxPScxVGridLnkRS26.bpl">ExpressPrinting System ReportLink for ExpressVerticalGrid by Developer Express Inc.</Excluded_Packages>
                    <Excluded_Packages Name="C:\LOCAL\Componentes\DevExpress\20.1.3\Library\RS26\dcldxPSdxDBOCLnkRS26.bpl">ExpressPrinting System ReportLinks for ExpressDBOrgChart by Developer Express Inc.</Excluded_Packages>
                    <Excluded_Packages Name="C:\LOCAL\Componentes\DevExpress\20.1.3\Library\RS26\dcldxPSdxDBTVLnkRS26.bpl">ExpressPrinting System ReportLink for ExpressDBTree by Developer Express Inc.</Excluded_Packages>
                    <Excluded_Packages Name="C:\LOCAL\Componentes\DevExpress\20.1.3\Library\RS26\dcldxPSdxFCLnkRS26.bpl">ExpressPrinting System ReportLinks for ExpressFlowChart by Developer Express Inc.</Excluded_Packages>
                    <Excluded_Packages Name="C:\LOCAL\Componentes\DevExpress\20.1.3\Library\RS26\dcldxPSdxGaugeControlLnkRS26.bpl">ExpressPrinting System ReportLink for ExpressGauge Control by Developer Express Inc.</Excluded_Packages>
                    <Excluded_Packages Name="C:\LOCAL\Componentes\DevExpress\20.1.3\Library\RS26\dcldxPScxGridLnkRS26.bpl">ExpressPrinting System ReportLink for ExpressQuantumGrid by Developer Express Inc.</Excluded_Packages>
                    <Excluded_Packages Name="C:\LOCAL\Componentes\DevExpress\20.1.3\Library\RS26\dcldxPSdxMapControlLnkRS26.bpl">ExpressPrinting System ReportLink for ExpressMap Control by Developer Express Inc.</Excluded_Packages>
                    <Excluded_Packages Name="C:\LOCAL\Componentes\DevExpress\20.1.3\Library\RS26\dcldxPSdxOCLnkRS26.bpl">ExpressPrinting System ReportLinks for ExpressOrgChart by Developer Express Inc.</Excluded_Packages>
                    <Excluded_Packages Name="C:\LOCAL\Componentes\DevExpress\20.1.3\Library\RS26\dcldxPSdxPDFViewerLnkRS26.bpl">ExpressPrinting System ReportLink for ExpressPDFViewer by Developer Express Inc.</Excluded_Packages>
                    <Excluded_Packages Name="C:\LOCAL\Componentes\DevExpress\20.1.3\Library\RS26\dcldxPSdxSpreadSheetLnkRS26.bpl">ExpressPrinting System ReportLink for ExpressSpreadSheet by Developer Express Inc.</Excluded_Packages>
                    <Excluded_Packages Name="C:\LOCAL\Componentes\DevExpress\20.1.3\Library\RS26\dcldxPSPrVwAdvRS26.bpl">ExpressPrinting System Advanced Preview Window by Developer Express Inc.</Excluded_Packages>
                    <Excluded_Packages Name="C:\LOCAL\Componentes\DevExpress\20.1.3\Library\RS26\dcldxPSPrVwRibbonRS26.bpl">ExpressPrinting System Ribbon Preview Window by Developer Express Inc.</Excluded_Packages>
                    <Excluded_Packages Name="C:\LOCAL\Componentes\DevExpress\20.1.3\Library\RS26\dcldxPSRichEditControlLnkRS26.bpl">ExpressPrinting System ReportLink for ExpressRichEditControl by Developer Express Inc.</Excluded_Packages>
                    <Excluded_Packages Name="C:\LOCAL\Componentes\DevExpress\20.1.3\Library\RS26\dclcxPivotGridChartRS26.bpl">ExpressPivotGrid connection to ExpressQuantumGrid Chart View by Developer Express Inc.</Excluded_Packages>
                    <Excluded_Packages Name="C:\LOCAL\Componentes\DevExpress\20.1.3\Library\RS26\dcldxFlowChartAdvancedCustomizeFormRS26.bpl">ExpressFlowChart Advanced Customization Form by Developer Express Inc.</Excluded_Packages>
                    <Excluded_Packages Name="C:\LOCAL\Componentes\DevExpress\20.1.3\Library\RS26\dcldxFlowChartDesignerRS26.bpl">ExpressFlowChart Designer by Developer Express Inc.</Excluded_Packages>
                    <Excluded_Packages Name="C:\LOCAL\Componentes\DevExpress\20.1.3\Library\RS26\dclcxGridEMFRS26.bpl">ExpressEntityMapping Framework Extension for ExpressQuantumGrid by Developer Express Inc.</Excluded_Packages>
                    <Excluded_Packages Name="C:\LOCAL\Componentes\DevExpress\20.1.3\Library\RS26\dclcxGridWizardRS26.bpl">ExpressQuantumGrid Wizard by Developer Express Inc.</Excluded_Packages>
                    <Excluded_Packages Name="C:\LOCAL\Componentes\DevExpress\20.1.3\Library\RS26\dclcxGridWizardEMFExtensionRS26.bpl">ExpressEntityMapping Framework Extension for ExpressQuantumGrid Wizard by Developer Express Inc.</Excluded_Packages>
                    <Excluded_Packages Name="C:\LOCAL\Componentes\DevExpress\20.1.3\Library\RS26\dclcxSchedulerRibbonStyleEventEditorRS26.bpl">ExpressScheduler Ribbon Event Window by Developer Express Inc.</Excluded_Packages>
                    <Excluded_Packages Name="C:\LOCAL\Componentes\DevExpress\20.1.3\Library\RS26\dclcxSchedulerGridRS26.bpl">ExpressScheduler connection to ExpressQuantumGrid by Developer Express Inc.</Excluded_Packages>
                    <Excluded_Packages Name="C:\LOCAL\Componentes\DevExpress\20.1.3\Library\RS26\dclcxSchedulerTreeBrowserRS26.bpl">ExpressScheduler tree browser by Developer Express Inc.</Excluded_Packages>
                    <Excluded_Packages Name="C:\LOCAL\Componentes\eDocEngineVCL\5.0.0.505\Lib\RAD10.3\Win32\ExpIntf\DCLgtXPressExpD26.bpl">Gnostice DevExpress Interface</Excluded_Packages>
                    <Excluded_Packages Name="$(BDSBIN)\dcloffice2k260.bpl">Microsoft Office 2000 Sample Automation Server Wrapper Components</Excluded_Packages>
                    <Excluded_Packages Name="$(BDSBIN)\dclofficexp260.bpl">Microsoft Office XP Sample Automation Server Wrapper Components</Excluded_Packages>
                </Excluded_Packages>
            </Delphi.Personality>
            <Platforms>
                <Platform value="Win32">True</Platform>
                <Platform value="Win64">False</Platform>
            </Platforms>
        </BorlandProject>
        <ProjectFileVersion>12</ProjectFileVersion>
    </ProjectExtensions>
    <Import Project="$(APPDATA)\Embarcadero\$(BDSAPPDATABASEDIR)\$(PRODUCTVERSION)\UserTools.proj" Condition="Exists('$(APPDATA)\Embarcadero\$(BDSAPPDATABASEDIR)\$(PRODUCTVERSION)\UserTools.proj')"/>
</Project>
